// !$*UTF8*$!
{
	archiveVersion = 1;
	classes = {
	};
	objectVersion = 55;
	objects = {

/* Begin PBXBuildFile section */
		2C129E4B27A3E245000F5E95 /* APICaller.swift in Sources */ = {isa = PBXBuildFile; fileRef = 2C129E4A27A3E245000F5E95 /* APICaller.swift */; };
		2C3785EF27A2D1EB00CD821F /* RepoModel.swift in Sources */ = {isa = PBXBuildFile; fileRef = 2C3785EE27A2D1EB00CD821F /* RepoModel.swift */; };
		2C3785F127A2D79100CD821F /* ResponseModel.swift in Sources */ = {isa = PBXBuildFile; fileRef = 2C3785F027A2D79100CD821F /* ResponseModel.swift */; };
		2C45859827A031E400CA6561 /* AppDelegate.swift in Sources */ = {isa = PBXBuildFile; fileRef = 2C45859727A031E400CA6561 /* AppDelegate.swift */; };
		2C45859A27A031E400CA6561 /* SceneDelegate.swift in Sources */ = {isa = PBXBuildFile; fileRef = 2C45859927A031E400CA6561 /* SceneDelegate.swift */; };
		2C45859C27A031E400CA6561 /* HomeViewController.swift in Sources */ = {isa = PBXBuildFile; fileRef = 2C45859B27A031E400CA6561 /* HomeViewController.swift */; };
		2C4585A127A031E500CA6561 /* Assets.xcassets in Resources */ = {isa = PBXBuildFile; fileRef = 2C4585A027A031E500CA6561 /* Assets.xcassets */; };
		2C4585A427A031E500CA6561 /* LaunchScreen.storyboard in Resources */ = {isa = PBXBuildFile; fileRef = 2C4585A227A031E500CA6561 /* LaunchScreen.storyboard */; };
		2C4585AC27A0381100CA6561 /* HistoryViewController.swift in Sources */ = {isa = PBXBuildFile; fileRef = 2C4585AB27A0381100CA6561 /* HistoryViewController.swift */; };
		2C4585AE27A0385B00CA6561 /* TabBarViewController.swift in Sources */ = {isa = PBXBuildFile; fileRef = 2C4585AD27A0385B00CA6561 /* TabBarViewController.swift */; };
		2C4585B527A03B1C00CA6561 /* LoginViewController.swift in Sources */ = {isa = PBXBuildFile; fileRef = 2C4585B427A03B1C00CA6561 /* LoginViewController.swift */; };
		2C4585B727A03BA800CA6561 /* DatabaseManager.swift in Sources */ = {isa = PBXBuildFile; fileRef = 2C4585B627A03BA800CA6561 /* DatabaseManager.swift */; };
		2C4585B927A03C6600CA6561 /* AuthManager.swift in Sources */ = {isa = PBXBuildFile; fileRef = 2C4585B827A03C6600CA6561 /* AuthManager.swift */; };
		2C4585BB27A03CF600CA6561 /* Extension.swift in Sources */ = {isa = PBXBuildFile; fileRef = 2C4585BA27A03CF600CA6561 /* Extension.swift */; };
		2C53B8F627A290E100C5E3FC /* RepositoryCell.swift in Sources */ = {isa = PBXBuildFile; fileRef = 2C53B8F527A290E100C5E3FC /* RepositoryCell.swift */; };
		2C53B8F827A2947D00C5E3FC /* RepositoryHeaderTableViewCell.swift in Sources */ = {isa = PBXBuildFile; fileRef = 2C53B8F727A2947D00C5E3FC /* RepositoryHeaderTableViewCell.swift */; };
		2C53B8FA27A294A000C5E3FC /* GeneralTableViewCell.swift in Sources */ = {isa = PBXBuildFile; fileRef = 2C53B8F927A294A000C5E3FC /* GeneralTableViewCell.swift */; };
		BA6726F9D524BDEC4C3AFA59 /* Pods_GitSearchApp.framework in Frameworks */ = {isa = PBXBuildFile; fileRef = 0EF56285952A6A4F9ADC77B4 /* Pods_GitSearchApp.framework */; };
/* End PBXBuildFile section */

/* Begin PBXFileReference section */
		0EF56285952A6A4F9ADC77B4 /* Pods_GitSearchApp.framework */ = {isa = PBXFileReference; explicitFileType = wrapper.framework; includeInIndex = 0; path = Pods_GitSearchApp.framework; sourceTree = BUILT_PRODUCTS_DIR; };
		277BD80AA079A0F7180AD769 /* Pods-GitSearchApp.release.xcconfig */ = {isa = PBXFileReference; includeInIndex = 1; lastKnownFileType = text.xcconfig; name = "Pods-GitSearchApp.release.xcconfig"; path = "Target Support Files/Pods-GitSearchApp/Pods-GitSearchApp.release.xcconfig"; sourceTree = "<group>"; };
		2A275EE38DF5325BBE76E61D /* Pods-GitSearchApp.debug.xcconfig */ = {isa = PBXFileReference; includeInIndex = 1; lastKnownFileType = text.xcconfig; name = "Pods-GitSearchApp.debug.xcconfig"; path = "Target Support Files/Pods-GitSearchApp/Pods-GitSearchApp.debug.xcconfig"; sourceTree = "<group>"; };
		2C129E4A27A3E245000F5E95 /* APICaller.swift */ = {isa = PBXFileReference; fileEncoding = 4; lastKnownFileType = sourcecode.swift; path = APICaller.swift; sourceTree = "<group>"; };
		2C3785EE27A2D1EB00CD821F /* RepoModel.swift */ = {isa = PBXFileReference; lastKnownFileType = sourcecode.swift; path = RepoModel.swift; sourceTree = "<group>"; };
		2C3785F027A2D79100CD821F /* ResponseModel.swift */ = {isa = PBXFileReference; lastKnownFileType = sourcecode.swift; path = ResponseModel.swift; sourceTree = "<group>"; };
		2C45859427A031E400CA6561 /* GitSearchApp.app */ = {isa = PBXFileReference; explicitFileType = wrapper.application; includeInIndex = 0; path = GitSearchApp.app; sourceTree = BUILT_PRODUCTS_DIR; };
		2C45859727A031E400CA6561 /* AppDelegate.swift */ = {isa = PBXFileReference; lastKnownFileType = sourcecode.swift; path = AppDelegate.swift; sourceTree = "<group>"; };
		2C45859927A031E400CA6561 /* SceneDelegate.swift */ = {isa = PBXFileReference; lastKnownFileType = sourcecode.swift; path = SceneDelegate.swift; sourceTree = "<group>"; };
		2C45859B27A031E400CA6561 /* HomeViewController.swift */ = {isa = PBXFileReference; lastKnownFileType = sourcecode.swift; path = HomeViewController.swift; sourceTree = "<group>"; };
		2C4585A027A031E500CA6561 /* Assets.xcassets */ = {isa = PBXFileReference; lastKnownFileType = folder.assetcatalog; path = Assets.xcassets; sourceTree = "<group>"; };
		2C4585A327A031E500CA6561 /* Base */ = {isa = PBXFileReference; lastKnownFileType = file.storyboard; name = Base; path = Base.lproj/LaunchScreen.storyboard; sourceTree = "<group>"; };
		2C4585A527A031E500CA6561 /* Info.plist */ = {isa = PBXFileReference; lastKnownFileType = text.plist.xml; path = Info.plist; sourceTree = "<group>"; };
		2C4585AB27A0381100CA6561 /* HistoryViewController.swift */ = {isa = PBXFileReference; lastKnownFileType = sourcecode.swift; path = HistoryViewController.swift; sourceTree = "<group>"; };
		2C4585AD27A0385B00CA6561 /* TabBarViewController.swift */ = {isa = PBXFileReference; lastKnownFileType = sourcecode.swift; path = TabBarViewController.swift; sourceTree = "<group>"; };
		2C4585B427A03B1C00CA6561 /* LoginViewController.swift */ = {isa = PBXFileReference; lastKnownFileType = sourcecode.swift; path = LoginViewController.swift; sourceTree = "<group>"; };
		2C4585B627A03BA800CA6561 /* DatabaseManager.swift */ = {isa = PBXFileReference; lastKnownFileType = sourcecode.swift; path = DatabaseManager.swift; sourceTree = "<group>"; };
		2C4585B827A03C6600CA6561 /* AuthManager.swift */ = {isa = PBXFileReference; lastKnownFileType = sourcecode.swift; path = AuthManager.swift; sourceTree = "<group>"; };
		2C4585BA27A03CF600CA6561 /* Extension.swift */ = {isa = PBXFileReference; lastKnownFileType = sourcecode.swift; path = Extension.swift; sourceTree = "<group>"; };
		2C53B8F527A290E100C5E3FC /* RepositoryCell.swift */ = {isa = PBXFileReference; lastKnownFileType = sourcecode.swift; path = RepositoryCell.swift; sourceTree = "<group>"; };
		2C53B8F727A2947D00C5E3FC /* RepositoryHeaderTableViewCell.swift */ = {isa = PBXFileReference; lastKnownFileType = sourcecode.swift; path = RepositoryHeaderTableViewCell.swift; sourceTree = "<group>"; };
		2C53B8F927A294A000C5E3FC /* GeneralTableViewCell.swift */ = {isa = PBXFileReference; lastKnownFileType = sourcecode.swift; path = GeneralTableViewCell.swift; sourceTree = "<group>"; };
/* End PBXFileReference section */

/* Begin PBXFrameworksBuildPhase section */
		2C45859127A031E400CA6561 /* Frameworks */ = {
			isa = PBXFrameworksBuildPhase;
			buildActionMask = 2147483647;
			files = (
				BA6726F9D524BDEC4C3AFA59 /* Pods_GitSearchApp.framework in Frameworks */,
			);
			runOnlyForDeploymentPostprocessing = 0;
		};
/* End PBXFrameworksBuildPhase section */

/* Begin PBXGroup section */
		2C45858B27A031E400CA6561 = {
			isa = PBXGroup;
			children = (
				2C45859627A031E400CA6561 /* GitSearchApp */,
				2C45859527A031E400CA6561 /* Products */,
				F84051B0B9DB8BDF40BFE62B /* Pods */,
				80C4A626C5FC133F7B5F1FDC /* Frameworks */,
			);
			sourceTree = "<group>";
		};
		2C45859527A031E400CA6561 /* Products */ = {
			isa = PBXGroup;
			children = (
				2C45859427A031E400CA6561 /* GitSearchApp.app */,
			);
			name = Products;
			sourceTree = "<group>";
		};
		2C45859627A031E400CA6561 /* GitSearchApp */ = {
			isa = PBXGroup;
			children = (
				2C4585B127A03A4500CA6561 /* Resources */,
				2C4585B327A03A8000CA6561 /* Models */,
				2C4585B027A03A3C00CA6561 /* Other */,
				2C4585B227A03A7500CA6561 /* Views */,
				2C4585AF27A039F600CA6561 /* Controllers */,
				2C4585A527A031E500CA6561 /* Info.plist */,
			);
			path = GitSearchApp;
			sourceTree = "<group>";
		};
		2C4585AF27A039F600CA6561 /* Controllers */ = {
			isa = PBXGroup;
			children = (
				2C45859B27A031E400CA6561 /* HomeViewController.swift */,
				2C4585AD27A0385B00CA6561 /* TabBarViewController.swift */,
				2C4585AB27A0381100CA6561 /* HistoryViewController.swift */,
				2C4585B427A03B1C00CA6561 /* LoginViewController.swift */,
			);
			path = Controllers;
			sourceTree = "<group>";
		};
		2C4585B027A03A3C00CA6561 /* Other */ = {
			isa = PBXGroup;
			children = (
				2C45859727A031E400CA6561 /* AppDelegate.swift */,
				2C45859927A031E400CA6561 /* SceneDelegate.swift */,
				2C4585BA27A03CF600CA6561 /* Extension.swift */,
				2C4585A027A031E500CA6561 /* Assets.xcassets */,
			);
			path = Other;
			sourceTree = "<group>";
		};
		2C4585B127A03A4500CA6561 /* Resources */ = {
			isa = PBXGroup;
			children = (
				2C4585B627A03BA800CA6561 /* DatabaseManager.swift */,
				2C4585B827A03C6600CA6561 /* AuthManager.swift */,
				2C129E4A27A3E245000F5E95 /* APICaller.swift */,
			);
			path = Resources;
			sourceTree = "<group>";
		};
		2C4585B227A03A7500CA6561 /* Views */ = {
			isa = PBXGroup;
			children = (
				2C53B8F427A290A900C5E3FC /* Cells */,
				2C4585A227A031E500CA6561 /* LaunchScreen.storyboard */,
			);
			path = Views;
			sourceTree = "<group>";
		};
		2C4585B327A03A8000CA6561 /* Models */ = {
			isa = PBXGroup;
			children = (
				2C3785EE27A2D1EB00CD821F /* RepoModel.swift */,
				2C3785F027A2D79100CD821F /* ResponseModel.swift */,
			);
			path = Models;
			sourceTree = "<group>";
		};
		2C53B8F427A290A900C5E3FC /* Cells */ = {
			isa = PBXGroup;
			children = (
				2C53B8F527A290E100C5E3FC /* RepositoryCell.swift */,
				2C53B8F727A2947D00C5E3FC /* RepositoryHeaderTableViewCell.swift */,
				2C53B8F927A294A000C5E3FC /* GeneralTableViewCell.swift */,
			);
			path = Cells;
			sourceTree = "<group>";
		};
		80C4A626C5FC133F7B5F1FDC /* Frameworks */ = {
			isa = PBXGroup;
			children = (
				0EF56285952A6A4F9ADC77B4 /* Pods_GitSearchApp.framework */,
			);
			name = Frameworks;
			sourceTree = "<group>";
		};
		F84051B0B9DB8BDF40BFE62B /* Pods */ = {
			isa = PBXGroup;
			children = (
				2A275EE38DF5325BBE76E61D /* Pods-GitSearchApp.debug.xcconfig */,
				277BD80AA079A0F7180AD769 /* Pods-GitSearchApp.release.xcconfig */,
			);
			path = Pods;
			sourceTree = "<group>";
		};
/* End PBXGroup section */

/* Begin PBXNativeTarget section */
		2C45859327A031E400CA6561 /* GitSearchApp */ = {
			isa = PBXNativeTarget;
			buildConfigurationList = 2C4585A827A031E500CA6561 /* Build configuration list for PBXNativeTarget "GitSearchApp" */;
			buildPhases = (
				D4E21088EE7FAD47613AC739 /* [CP] Check Pods Manifest.lock */,
				2C45859027A031E400CA6561 /* Sources */,
				2C45859127A031E400CA6561 /* Frameworks */,
				2C45859227A031E400CA6561 /* Resources */,
				3D9034E92ED940AD7AE63ADB /* [CP] Embed Pods Frameworks */,
			);
			buildRules = (
			);
			dependencies = (
			);
			name = GitSearchApp;
			productName = GitSearchApp;
			productReference = 2C45859427A031E400CA6561 /* GitSearchApp.app */;
			productType = "com.apple.product-type.application";
		};
/* End PBXNativeTarget section */

/* Begin PBXProject section */
		2C45858C27A031E400CA6561 /* Project object */ = {
			isa = PBXProject;
			attributes = {
				BuildIndependentTargetsInParallel = 1;
				LastSwiftUpdateCheck = 1320;
				LastUpgradeCheck = 1320;
				TargetAttributes = {
					2C45859327A031E400CA6561 = {
						CreatedOnToolsVersion = 13.2.1;
					};
				};
			};
			buildConfigurationList = 2C45858F27A031E400CA6561 /* Build configuration list for PBXProject "GitSearchApp" */;
			compatibilityVersion = "Xcode 13.0";
			developmentRegion = en;
			hasScannedForEncodings = 0;
			knownRegions = (
				en,
				Base,
			);
			mainGroup = 2C45858B27A031E400CA6561;
			productRefGroup = 2C45859527A031E400CA6561 /* Products */;
			projectDirPath = "";
			projectRoot = "";
			targets = (
				2C45859327A031E400CA6561 /* GitSearchApp */,
			);
		};
/* End PBXProject section */

/* Begin PBXResourcesBuildPhase section */
		2C45859227A031E400CA6561 /* Resources */ = {
			isa = PBXResourcesBuildPhase;
			buildActionMask = 2147483647;
			files = (
				2C4585A427A031E500CA6561 /* LaunchScreen.storyboard in Resources */,
				2C4585A127A031E500CA6561 /* Assets.xcassets in Resources */,
			);
			runOnlyForDeploymentPostprocessing = 0;
		};
/* End PBXResourcesBuildPhase section */

/* Begin PBXShellScriptBuildPhase section */
		3D9034E92ED940AD7AE63ADB /* [CP] Embed Pods Frameworks */ = {
			isa = PBXShellScriptBuildPhase;
			buildActionMask = 2147483647;
			files = (
			);
			inputFileListPaths = (
				"${PODS_ROOT}/Target Support Files/Pods-GitSearchApp/Pods-GitSearchApp-frameworks-${CONFIGURATION}-input-files.xcfilelist",
			);
			name = "[CP] Embed Pods Frameworks";
			outputFileListPaths = (
				"${PODS_ROOT}/Target Support Files/Pods-GitSearchApp/Pods-GitSearchApp-frameworks-${CONFIGURATION}-output-files.xcfilelist",
			);
			runOnlyForDeploymentPostprocessing = 0;
			shellPath = /bin/sh;
			shellScript = "\"${PODS_ROOT}/Target Support Files/Pods-GitSearchApp/Pods-GitSearchApp-frameworks.sh\"\n";
			showEnvVarsInLog = 0;
		};
		D4E21088EE7FAD47613AC739 /* [CP] Check Pods Manifest.lock */ = {
			isa = PBXShellScriptBuildPhase;
			buildActionMask = 2147483647;
			files = (
			);
			inputFileListPaths = (
			);
			inputPaths = (
				"${PODS_PODFILE_DIR_PATH}/Podfile.lock",
				"${PODS_ROOT}/Manifest.lock",
			);
			name = "[CP] Check Pods Manifest.lock";
			outputFileListPaths = (
			);
			outputPaths = (
				"$(DERIVED_FILE_DIR)/Pods-GitSearchApp-checkManifestLockResult.txt",
			);
			runOnlyForDeploymentPostprocessing = 0;
			shellPath = /bin/sh;
			shellScript = "diff \"${PODS_PODFILE_DIR_PATH}/Podfile.lock\" \"${PODS_ROOT}/Manifest.lock\" > /dev/null\nif [ $? != 0 ] ; then\n    # print error to STDERR\n    echo \"error: The sandbox is not in sync with the Podfile.lock. Run 'pod install' or update your CocoaPods installation.\" >&2\n    exit 1\nfi\n# This output is used by Xcode 'outputs' to avoid re-running this script phase.\necho \"SUCCESS\" > \"${SCRIPT_OUTPUT_FILE_0}\"\n";
			showEnvVarsInLog = 0;
		};
/* End PBXShellScriptBuildPhase section */

/* Begin PBXSourcesBuildPhase section */
		2C45859027A031E400CA6561 /* Sources */ = {
			isa = PBXSourcesBuildPhase;
			buildActionMask = 2147483647;
			files = (
				2C4585BB27A03CF600CA6561 /* Extension.swift in Sources */,
				2C3785EF27A2D1EB00CD821F /* RepoModel.swift in Sources */,
				2C4585B527A03B1C00CA6561 /* LoginViewController.swift in Sources */,
				2C4585B927A03C6600CA6561 /* AuthManager.swift in Sources */,
				2C45859C27A031E400CA6561 /* HomeViewController.swift in Sources */,
				2C53B8F627A290E100C5E3FC /* RepositoryCell.swift in Sources */,
				2C45859827A031E400CA6561 /* AppDelegate.swift in Sources */,
				2C53B8FA27A294A000C5E3FC /* GeneralTableViewCell.swift in Sources */,
				2C45859A27A031E400CA6561 /* SceneDelegate.swift in Sources */,
				2C4585AE27A0385B00CA6561 /* TabBarViewController.swift in Sources */,
				2C4585AC27A0381100CA6561 /* HistoryViewController.swift in Sources */,
				2C53B8F827A2947D00C5E3FC /* RepositoryHeaderTableViewCell.swift in Sources */,
				2C3785F127A2D79100CD821F /* ResponseModel.swift in Sources */,
				2C129E4B27A3E245000F5E95 /* APICaller.swift in Sources */,
				2C4585B727A03BA800CA6561 /* DatabaseManager.swift in Sources */,
			);
			runOnlyForDeploymentPostprocessing = 0;
		};
/* End PBXSourcesBuildPhase section */

/* Begin PBXVariantGroup section */
		2C4585A227A031E500CA6561 /* LaunchScreen.storyboard */ = {
			isa = PBXVariantGroup;
			children = (
				2C4585A327A031E500CA6561 /* Base */,
			);
			name = LaunchScreen.storyboard;
			sourceTree = "<group>";
		};
/* End PBXVariantGroup section */

/* Begin XCBuildConfiguration section */
		2C4585A627A031E500CA6561 /* Debug */ = {
			isa = XCBuildConfiguration;
			buildSettings = {
				ALWAYS_SEARCH_USER_PATHS = NO;
				CLANG_ANALYZER_NONNULL = YES;
				CLANG_ANALYZER_NUMBER_OBJECT_CONVERSION = YES_AGGRESSIVE;
				CLANG_CXX_LANGUAGE_STANDARD = "gnu++17";
				CLANG_CXX_LIBRARY = "libc++";
				CLANG_ENABLE_MODULES = YES;
				CLANG_ENABLE_OBJC_ARC = YES;
				CLANG_ENABLE_OBJC_WEAK = YES;
				CLANG_WARN_BLOCK_CAPTURE_AUTORELEASING = YES;
				CLANG_WARN_BOOL_CONVERSION = YES;
				CLANG_WARN_COMMA = YES;
				CLANG_WARN_CONSTANT_CONVERSION = YES;
				CLANG_WARN_DEPRECATED_OBJC_IMPLEMENTATIONS = YES;
				CLANG_WARN_DIRECT_OBJC_ISA_USAGE = YES_ERROR;
				CLANG_WARN_DOCUMENTATION_COMMENTS = YES;
				CLANG_WARN_EMPTY_BODY = YES;
				CLANG_WARN_ENUM_CONVERSION = YES;
				CLANG_WARN_INFINITE_RECURSION = YES;
				CLANG_WARN_INT_CONVERSION = YES;
				CLANG_WARN_NON_LITERAL_NULL_CONVERSION = YES;
				CLANG_WARN_OBJC_IMPLICIT_RETAIN_SELF = YES;
				CLANG_WARN_OBJC_LITERAL_CONVERSION = YES;
				CLANG_WARN_OBJC_ROOT_CLASS = YES_ERROR;
				CLANG_WARN_QUOTED_INCLUDE_IN_FRAMEWORK_HEADER = YES;
				CLANG_WARN_RANGE_LOOP_ANALYSIS = YES;
				CLANG_WARN_STRICT_PROTOTYPES = YES;
				CLANG_WARN_SUSPICIOUS_MOVE = YES;
				CLANG_WARN_UNGUARDED_AVAILABILITY = YES_AGGRESSIVE;
				CLANG_WARN_UNREACHABLE_CODE = YES;
				CLANG_WARN__DUPLICATE_METHOD_MATCH = YES;
				COPY_PHASE_STRIP = NO;
				DEBUG_INFORMATION_FORMAT = dwarf;
				ENABLE_STRICT_OBJC_MSGSEND = YES;
				ENABLE_TESTABILITY = YES;
				GCC_C_LANGUAGE_STANDARD = gnu11;
				GCC_DYNAMIC_NO_PIC = NO;
				GCC_NO_COMMON_BLOCKS = YES;
				GCC_OPTIMIZATION_LEVEL = 0;
				GCC_PREPROCESSOR_DEFINITIONS = (
					"DEBUG=1",
					"$(inherited)",
				);
				GCC_WARN_64_TO_32_BIT_CONVERSION = YES;
				GCC_WARN_ABOUT_RETURN_TYPE = YES_ERROR;
				GCC_WARN_UNDECLARED_SELECTOR = YES;
				GCC_WARN_UNINITIALIZED_AUTOS = YES_AGGRESSIVE;
				GCC_WARN_UNUSED_FUNCTION = YES;
				GCC_WARN_UNUSED_VARIABLE = YES;
				IPHONEOS_DEPLOYMENT_TARGET = 15.2;
				MTL_ENABLE_DEBUG_INFO = INCLUDE_SOURCE;
				MTL_FAST_MATH = YES;
				ONLY_ACTIVE_ARCH = YES;
				SDKROOT = iphoneos;
				SWIFT_ACTIVE_COMPILATION_CONDITIONS = DEBUG;
				SWIFT_OPTIMIZATION_LEVEL = "-Onone";
			};
			name = Debug;
		};
		2C4585A727A031E500CA6561 /* Release */ = {
			isa = XCBuildConfiguration;
			buildSettings = {
				ALWAYS_SEARCH_USER_PATHS = NO;
				CLANG_ANALYZER_NONNULL = YES;
				CLANG_ANALYZER_NUMBER_OBJECT_CONVERSION = YES_AGGRESSIVE;
				CLANG_CXX_LANGUAGE_STANDARD = "gnu++17";
				CLANG_CXX_LIBRARY = "libc++";
				CLANG_ENABLE_MODULES = YES;
				CLANG_ENABLE_OBJC_ARC = YES;
				CLANG_ENABLE_OBJC_WEAK = YES;
				CLANG_WARN_BLOCK_CAPTURE_AUTORELEASING = YES;
				CLANG_WARN_BOOL_CONVERSION = YES;
				CLANG_WARN_COMMA = YES;
				CLANG_WARN_CONSTANT_CONVERSION = YES;
				CLANG_WARN_DEPRECATED_OBJC_IMPLEMENTATIONS = YES;
				CLANG_WARN_DIRECT_OBJC_ISA_USAGE = YES_ERROR;
				CLANG_WARN_DOCUMENTATION_COMMENTS = YES;
				CLANG_WARN_EMPTY_BODY = YES;
				CLANG_WARN_ENUM_CONVERSION = YES;
				CLANG_WARN_INFINITE_RECURSION = YES;
				CLANG_WARN_INT_CONVERSION = YES;
				CLANG_WARN_NON_LITERAL_NULL_CONVERSION = YES;
				CLANG_WARN_OBJC_IMPLICIT_RETAIN_SELF = YES;
				CLANG_WARN_OBJC_LITERAL_CONVERSION = YES;
				CLANG_WARN_OBJC_ROOT_CLASS = YES_ERROR;
				CLANG_WARN_QUOTED_INCLUDE_IN_FRAMEWORK_HEADER = YES;
				CLANG_WARN_RANGE_LOOP_ANALYSIS = YES;
				CLANG_WARN_STRICT_PROTOTYPES = YES;
				CLANG_WARN_SUSPICIOUS_MOVE = YES;
				CLANG_WARN_UNGUARDED_AVAILABILITY = YES_AGGRESSIVE;
				CLANG_WARN_UNREACHABLE_CODE = YES;
				CLANG_WARN__DUPLICATE_METHOD_MATCH = YES;
				COPY_PHASE_STRIP = NO;
				DEBUG_INFORMATION_FORMAT = "dwarf-with-dsym";
				ENABLE_NS_ASSERTIONS = NO;
				ENABLE_STRICT_OBJC_MSGSEND = YES;
				GCC_C_LANGUAGE_STANDARD = gnu11;
				GCC_NO_COMMON_BLOCKS = YES;
				GCC_WARN_64_TO_32_BIT_CONVERSION = YES;
				GCC_WARN_ABOUT_RETURN_TYPE = YES_ERROR;
				GCC_WARN_UNDECLARED_SELECTOR = YES;
				GCC_WARN_UNINITIALIZED_AUTOS = YES_AGGRESSIVE;
				GCC_WARN_UNUSED_FUNCTION = YES;
				GCC_WARN_UNUSED_VARIABLE = YES;
				IPHONEOS_DEPLOYMENT_TARGET = 15.2;
				MTL_ENABLE_DEBUG_INFO = NO;
				MTL_FAST_MATH = YES;
				SDKROOT = iphoneos;
				SWIFT_COMPILATION_MODE = wholemodule;
				SWIFT_OPTIMIZATION_LEVEL = "-O";
				VALIDATE_PRODUCT = YES;
			};
			name = Release;
		};
		2C4585A927A031E500CA6561 /* Debug */ = {
			isa = XCBuildConfiguration;
			baseConfigurationReference = 2A275EE38DF5325BBE76E61D /* Pods-GitSearchApp.debug.xcconfig */;
			buildSettings = {
				ASSETCATALOG_COMPILER_APPICON_NAME = AppIcon;
				ASSETCATALOG_COMPILER_GLOBAL_ACCENT_COLOR_NAME = AccentColor;
				CODE_SIGN_STYLE = Automatic;
				CURRENT_PROJECT_VERSION = 1;
				DEVELOPMENT_TEAM = UNQVQM5ZA2;
				GENERATE_INFOPLIST_FILE = YES;
				INFOPLIST_FILE = GitSearchApp/Info.plist;
				INFOPLIST_KEY_UIApplicationSupportsIndirectInputEvents = YES;
				INFOPLIST_KEY_UILaunchStoryboardName = LaunchScreen;
				INFOPLIST_KEY_UISupportedInterfaceOrientations = UIInterfaceOrientationPortrait;
				INFOPLIST_KEY_UISupportedInterfaceOrientations_iPad = "UIInterfaceOrientationPortrait UIInterfaceOrientationPortraitUpsideDown UIInterfaceOrientationLandscapeLeft UIInterfaceOrientationLandscapeRight";
				INFOPLIST_KEY_UISupportedInterfaceOrientations_iPhone = "UIInterfaceOrientationPortrait UIInterfaceOrientationLandscapeLeft UIInterfaceOrientationLandscapeRight";
				LD_RUNPATH_SEARCH_PATHS = (
					"$(inherited)",
					"@executable_path/Frameworks",
				);
				MARKETING_VERSION = 1.0;
				PRODUCT_BUNDLE_IDENTIFIER = com.RightAndAbove.GitSearchApp;
				PRODUCT_NAME = "$(TARGET_NAME)";
				SWIFT_EMIT_LOC_STRINGS = YES;
				SWIFT_VERSION = 5.0;
				TARGETED_DEVICE_FAMILY = "1,2";
			};
			name = Debug;
		};
		2C4585AA27A031E500CA6561 /* Release */ = {
			isa = XCBuildConfiguration;
			baseConfigurationReference = 277BD80AA079A0F7180AD769 /* Pods-GitSearchApp.release.xcconfig */;
			buildSettings = {
				ASSETCATALOG_COMPILER_APPICON_NAME = AppIcon;
				ASSETCATALOG_COMPILER_GLOBAL_ACCENT_COLOR_NAME = AccentColor;
				CODE_SIGN_STYLE = Automatic;
				CURRENT_PROJECT_VERSION = 1;
				DEVELOPMENT_TEAM = UNQVQM5ZA2;
				GENERATE_INFOPLIST_FILE = YES;
				INFOPLIST_FILE = GitSearchApp/Info.plist;
				INFOPLIST_KEY_UIApplicationSupportsIndirectInputEvents = YES;
				INFOPLIST_KEY_UILaunchStoryboardName = LaunchScreen;
				INFOPLIST_KEY_UISupportedInterfaceOrientations = UIInterfaceOrientationPortrait;
				INFOPLIST_KEY_UISupportedInterfaceOrientations_iPad = "UIInterfaceOrientationPortrait UIInterfaceOrientationPortraitUpsideDown UIInterfaceOrientationLandscapeLeft UIInterfaceOrientationLandscapeRight";
				INFOPLIST_KEY_UISupportedInterfaceOrientations_iPhone = "UIInterfaceOrientationPortrait UIInterfaceOrientationLandscapeLeft UIInterfaceOrientationLandscapeRight";
				LD_RUNPATH_SEARCH_PATHS = (
					"$(inherited)",
					"@executable_path/Frameworks",
				);
				MARKETING_VERSION = 1.0;
				PRODUCT_BUNDLE_IDENTIFIER = com.RightAndAbove.GitSearchApp;
				PRODUCT_NAME = "$(TARGET_NAME)";
				SWIFT_EMIT_LOC_STRINGS = YES;
				SWIFT_VERSION = 5.0;
				TARGETED_DEVICE_FAMILY = "1,2";
			};
			name = Release;
		};
/* End XCBuildConfiguration section */

/* Begin XCConfigurationList section */
		2C45858F27A031E400CA6561 /* Build configuration list for PBXProject "GitSearchApp" */ = {
			isa = XCConfigurationList;
			buildConfigurations = (
				2C4585A627A031E500CA6561 /* Debug */,
				2C4585A727A031E500CA6561 /* Release */,
			);
			defaultConfigurationIsVisible = 0;
			defaultConfigurationName = Release;
		};
		2C4585A827A031E500CA6561 /* Build configuration list for PBXNativeTarget "GitSearchApp" */ = {
			isa = XCConfigurationList;
			buildConfigurations = (
				2C4585A927A031E500CA6561 /* Debug */,
				2C4585AA27A031E500CA6561 /* Release */,
			);
			defaultConfigurationIsVisible = 0;
			defaultConfigurationName = Release;
		};
/* End XCConfigurationList section */
	};
	rootObject = 2C45858C27A031E400CA6561 /* Project object */;
}
